
Microsoft Visual Studio Solution File, Format Version 12.00
# Visual Studio Version 16
VisualStudioVersion = 16.0.31313.79
MinimumVisualStudioVersion = 10.0.40219.1
Project("{FAE04EC0-301F-11D3-BF4B-00C04F79EFBC}") = "III_2020", "III_2020\III_2020.csproj", "{84D807FF-12B4-4413-B5BC-8C9BF716AD9B}"
EndProject
Global
	GlobalSection(SolutionConfigurationPlatforms) = preSolution
		Debug|Any CPU = Debug|Any CPU
		Release|Any CPU = Release|Any CPU
	EndGlobalSection
	GlobalSection(ProjectConfigurationPlatforms) = postSolution
		{84D807FF-12B4-4413-B5BC-8C9BF716AD9B}.Debug|Any CPU.ActiveCfg = Debug|Any CPU
		{84D807FF-12B4-4413-B5BC-8C9BF716AD9B}.Debug|Any CPU.Build.0 = Debug|Any CPU
		{84D807FF-12B4-4413-B5BC-8C9BF716AD9B}.Release|Any CPU.ActiveCfg = Release|Any CPU
		{84D807FF-12B4-4413-B5BC-8C9BF716AD9B}.Release|Any CPU.Build.0 = Release|Any CPU
	EndGlobalSection
	GlobalSection(SolutionProperties) = preSolution
		HideSolutionNode = FALSE
	EndGlobalSection
	GlobalSection(ExtensibilityGlobals) = postSolution
		SolutionGuid = {3E921EA8-2741-408A-B74F-8B8BF3E686E9}
	EndGlobalSection
EndGlobal
